
Microsoft Visual Studio Solution File, Format Version 12.00
# Visual Studio 14
VisualStudioVersion = 14.0.25123.0
MinimumVisualStudioVersion = 10.0.40219.1
Project("{2150E333-8FDC-42A3-9474-1A3956D46DE8}") = "Lessons", "Lessons", "{321F3BBA-A309-4D58-A18A-F1294A6A86D8}"
EndProject
Project("{2150E333-8FDC-42A3-9474-1A3956D46DE8}") = "Tests", "Tests", "{7261B5DC-6194-4FC5-B333-E842C1435139}"
EndProject
Project("{FAE04EC0-301F-11D3-BF4B-00C04F79EFBC}") = "HeapPriorityQueueLesson", "PriorityQueueLesson\HeapPriorityQueueLesson.csproj", "{FE9996D4-A66A-447C-97C3-35565ABB98F5}"
EndProject
Project("{FAE04EC0-301F-11D3-BF4B-00C04F79EFBC}") = "HeapPriorityQueueTests", "PriorityQueueTests\HeapPriorityQueueTests.csproj", "{467B8517-649A-4732-BAE6-EF530BC9F9ED}"
EndProject
Global
	GlobalSection(SolutionConfigurationPlatforms) = preSolution
		Debug|Any CPU = Debug|Any CPU
		Release|Any CPU = Release|Any CPU
	EndGlobalSection
	GlobalSection(ProjectConfigurationPlatforms) = postSolution
		{FE9996D4-A66A-447C-97C3-35565ABB98F5}.Debug|Any CPU.ActiveCfg = Debug|Any CPU
		{FE9996D4-A66A-447C-97C3-35565ABB98F5}.Debug|Any CPU.Build.0 = Debug|Any CPU
		{FE9996D4-A66A-447C-97C3-35565ABB98F5}.Release|Any CPU.ActiveCfg = Release|Any CPU
		{FE9996D4-A66A-447C-97C3-35565ABB98F5}.Release|Any CPU.Build.0 = Release|Any CPU
		{467B8517-649A-4732-BAE6-EF530BC9F9ED}.Debug|Any CPU.ActiveCfg = Debug|Any CPU
		{467B8517-649A-4732-BAE6-EF530BC9F9ED}.Debug|Any CPU.Build.0 = Debug|Any CPU
		{467B8517-649A-4732-BAE6-EF530BC9F9ED}.Release|Any CPU.ActiveCfg = Release|Any CPU
		{467B8517-649A-4732-BAE6-EF530BC9F9ED}.Release|Any CPU.Build.0 = Release|Any CPU
	EndGlobalSection
	GlobalSection(SolutionProperties) = preSolution
		HideSolutionNode = FALSE
	EndGlobalSection
	GlobalSection(NestedProjects) = preSolution
		{FE9996D4-A66A-447C-97C3-35565ABB98F5} = {321F3BBA-A309-4D58-A18A-F1294A6A86D8}
		{467B8517-649A-4732-BAE6-EF530BC9F9ED} = {7261B5DC-6194-4FC5-B333-E842C1435139}
	EndGlobalSection
EndGlobal
